
Microsoft Visual Studio Solution File, Format Version 12.00
# Visual Studio Version 16
VisualStudioVersion = 16.0.33927.289
MinimumVisualStudioVersion = 10.0.40219.1
Project("{2150E333-8FDC-42A3-9474-1A3956D46DE8}") = "Task0", "Task0", "{B04C8497-0E74-4C6A-B44E-1CEFC0B61AC5}"
EndProject
Project("{FAE04EC0-301F-11D3-BF4B-00C04F79EFBC}") = "Tyuiu.ShpilevayaAS.Sprint6.Task0.V12.Lib", "Tyuiu.ShpilevayaAS.Sprint6.Task0.V12.Lib\Tyuiu.ShpilevayaAS.Sprint6.Task0.V12.Lib.csproj", "{58802375-392B-4041-AF9B-0B56B2A29BA6}"
EndProject
Project("{FAE04EC0-301F-11D3-BF4B-00C04F79EFBC}") = "Tyuiu.ShpilevayaAS.Sprint6.Task0.V12.Test", "Tyuiu.ShpilevayaAS.Sprint6.Task0.V12.Test\Tyuiu.ShpilevayaAS.Sprint6.Task0.V12.Test.csproj", "{D1A6C849-E582-4BE3-ADCA-F388FA74FE17}"
EndProject
Project("{FAE04EC0-301F-11D3-BF4B-00C04F79EFBC}") = "Tyuiu.ShpilevayaAS.Sprint6.Task0.V12", "Tyuiu.ShpilevayaAS.Sprint6.Task0.V12\Tyuiu.ShpilevayaAS.Sprint6.Task0.V12.csproj", "{E5516549-E4FB-4AE9-A782-26D291F154F8}"
EndProject
Project("{2150E333-8FDC-42A3-9474-1A3956D46DE8}") = "Task1", "Task1", "{6C302838-88FD-4417-9EDE-4BD5DAFC86EA}"
EndProject
Project("{FAE04EC0-301F-11D3-BF4B-00C04F79EFBC}") = "Tyuiu.ShpilevayaAS.Sprint6.Task1.V1.Lib", "Tyuiu.ShpilevayaAS.Sprint6.Task1.V1.Lib\Tyuiu.ShpilevayaAS.Sprint6.Task1.V1.Lib.csproj", "{95C17A7A-75B3-478B-86E2-09978137F8F7}"
EndProject
Project("{FAE04EC0-301F-11D3-BF4B-00C04F79EFBC}") = "Tyuiu.ShpilevayaAS.Sprint6.Task1.V1.Test", "Tyuiu.ShpilevayaAS.Sprint6.Task1.V1.Test\Tyuiu.ShpilevayaAS.Sprint6.Task1.V1.Test.csproj", "{52208917-639A-4C1D-AD13-CC631441BEAB}"
EndProject
Project("{FAE04EC0-301F-11D3-BF4B-00C04F79EFBC}") = "Tyuiu.ShpilevayaAS.Sprint6.Task1.V1", "Tyuiu.ShpilevayaAS.Sprint6.Task1.V1\Tyuiu.ShpilevayaAS.Sprint6.Task1.V1.csproj", "{A6B29E7E-9F12-41A2-AA9E-FFC9DFD6952E}"
EndProject
Project("{2150E333-8FDC-42A3-9474-1A3956D46DE8}") = "Task2", "Task2", "{C16FAD0E-B34D-439F-BE00-35BCCACF06A4}"
EndProject
Project("{FAE04EC0-301F-11D3-BF4B-00C04F79EFBC}") = "Tyuiu.ShpilevayaAS.Sprint6.Task2.V22.Lib", "Tyuiu.ShpilevayaAS.Sprint6.Task2.V22.Lib\Tyuiu.ShpilevayaAS.Sprint6.Task2.V22.Lib.csproj", "{749DF182-BA2A-4089-AD86-6EB9CDC7CBF9}"
EndProject
Project("{FAE04EC0-301F-11D3-BF4B-00C04F79EFBC}") = "Tyuiu.ShpilevayaAS.Sprint6.Task2.V22.Test", "Tyuiu.ShpilevayaAS.Sprint6.Task2.V22.Test\Tyuiu.ShpilevayaAS.Sprint6.Task2.V22.Test.csproj", "{222F41D1-43C6-4B88-B055-7DAB187FA1EA}"
EndProject
Project("{FAE04EC0-301F-11D3-BF4B-00C04F79EFBC}") = "Tyuiu.ShpilevayaAS.Sprint6.Task2.V22", "Tyuiu.ShpilevayaAS.Sprint6.Task2.V22\Tyuiu.ShpilevayaAS.Sprint6.Task2.V22.csproj", "{87FBE0B7-50C4-4B5E-8DC2-728F90D56173}"
EndProject
Project("{2150E333-8FDC-42A3-9474-1A3956D46DE8}") = "Task3", "Task3", "{DA201400-7DAC-4852-8261-16153DD8B5D5}"
EndProject
Project("{FAE04EC0-301F-11D3-BF4B-00C04F79EFBC}") = "Tyuiu.ShpilevayaAS.Sprint6.Task3.V9.Lib", "Tyuiu.ShpilevayaAS.Sprint6.Task3.V9.Lib\Tyuiu.ShpilevayaAS.Sprint6.Task3.V9.Lib.csproj", "{AE45F71C-F532-4812-974C-774BB4D335B8}"
EndProject
Project("{FAE04EC0-301F-11D3-BF4B-00C04F79EFBC}") = "Tyuiu.ShpilevayaAS.Sprint6.Task3.V9.Test", "Tyuiu.ShpilevayaAS.Sprint6.Task3.V9.Test\Tyuiu.ShpilevayaAS.Sprint6.Task3.V9.Test.csproj", "{B6C81886-D4B5-41A9-9227-5498E0E6890E}"
EndProject
Project("{FAE04EC0-301F-11D3-BF4B-00C04F79EFBC}") = "Tyuiu.ShpilevayaAS.Sprint6.Task3.V9", "Tyuiu.ShpilevayaAS.Sprint6.Task3.V9\Tyuiu.ShpilevayaAS.Sprint6.Task3.V9.csproj", "{22B1FF6A-6E6B-47B5-A6DD-510672CE58FE}"
EndProject
Project("{2150E333-8FDC-42A3-9474-1A3956D46DE8}") = "Task4", "Task4", "{4292A045-1332-431B-8BCF-E0CFDC6BC603}"
EndProject
Project("{FAE04EC0-301F-11D3-BF4B-00C04F79EFBC}") = "Tyuiu.ShpilevayaAS.Sprint6.Task4.V7", "Tyuiu.ShpilevayaAS.Sprint6.Task4.V7\Tyuiu.ShpilevayaAS.Sprint6.Task4.V7.csproj", "{4CF2314B-8C5A-4246-A335-98D57EFE33DB}"
EndProject
Project("{FAE04EC0-301F-11D3-BF4B-00C04F79EFBC}") = "Tyuiu.ShpilevayaAS.Sprint6.Task4.V7.Lib", "Tyuiu.ShpilevayaAS.Sprint6.Task4.V7.Lib\Tyuiu.ShpilevayaAS.Sprint6.Task4.V7.Lib.csproj", "{409DB81A-3C0A-4B88-9E10-FEC4E0A5F747}"
EndProject
Project("{FAE04EC0-301F-11D3-BF4B-00C04F79EFBC}") = "Tyuiu.ShpilevayaAS.Sprint6.Task4.V7.Test", "Tyuiu.ShpilevayaAS.Sprint6.Task4.V7.Test\Tyuiu.ShpilevayaAS.Sprint6.Task4.V7.Test.csproj", "{F1636C90-470C-4145-A82E-F47D04F6E0C6}"
EndProject
Project("{2150E333-8FDC-42A3-9474-1A3956D46DE8}") = "Task5", "Task5", "{BCDB764E-6C4D-4854-9B20-9A19F29452FF}"
EndProject
Project("{FAE04EC0-301F-11D3-BF4B-00C04F79EFBC}") = "Tyuiu.ShpilevayaAS.Sprint6.Task5.V22", "Tyuiu.ShpilevayaAS.Sprint6.Task5.V22\Tyuiu.ShpilevayaAS.Sprint6.Task5.V22.csproj", "{399ACA0B-E106-49EE-938C-B5669F5F4793}"
EndProject
Project("{FAE04EC0-301F-11D3-BF4B-00C04F79EFBC}") = "Tyuiu.ShpilevayaAS.Sprint6.Task5.V22.Lib", "Tyuiu.ShpilevayaAS.Sprint6.Task5.V22.Lib\Tyuiu.ShpilevayaAS.Sprint6.Task5.V22.Lib.csproj", "{A94E25A3-A1C0-4E2F-A1F9-86B1B19C3CB0}"
EndProject
Project("{FAE04EC0-301F-11D3-BF4B-00C04F79EFBC}") = "Tyuiu.ShpilevayaAS.Sprint6.Task5.V22.Test", "Tyuiu.ShpilevayaAS.Sprint6.Task5.V22.Test\Tyuiu.ShpilevayaAS.Sprint6.Task5.V22.Test.csproj", "{CD40B14B-306E-460D-AADD-2DD526EADB26}"
EndProject
Project("{2150E333-8FDC-42A3-9474-1A3956D46DE8}") = "Task6", "Task6", "{75AAE032-5695-4694-BAC6-A941E863A53C}"
EndProject
Project("{FAE04EC0-301F-11D3-BF4B-00C04F79EFBC}") = "Tyuiu.ShpilevayaAS.Sprint6.Task6.V1", "Tyuiu.ShpilevayaAS.Sprint6.Task6.V1\Tyuiu.ShpilevayaAS.Sprint6.Task6.V1.csproj", "{A8A1CB5A-C95F-41B1-98D7-C112AA876365}"
EndProject
Project("{FAE04EC0-301F-11D3-BF4B-00C04F79EFBC}") = "Tyuiu.ShpilevayaAS.Sprint6.Task6.V1.Lib", "Tyuiu.ShpilevayaAS.Sprint6.Task6.V1.Lib\Tyuiu.ShpilevayaAS.Sprint6.Task6.V1.Lib.csproj", "{95218E20-BA7C-405E-96E7-4137D8946A4B}"
EndProject
Project("{FAE04EC0-301F-11D3-BF4B-00C04F79EFBC}") = "Tyuiu.ShpilevayaAS.Sprint6.Task6.V1.Test", "Tyuiu.ShpilevayaAS.Sprint6.Task6.V1.Test\Tyuiu.ShpilevayaAS.Sprint6.Task6.V1.Test.csproj", "{A370F9A0-0AC9-463E-865A-67ED4EAE1A2F}"
EndProject
Global
	GlobalSection(SolutionConfigurationPlatforms) = preSolution
		Debug|Any CPU = Debug|Any CPU
		Release|Any CPU = Release|Any CPU
	EndGlobalSection
	GlobalSection(ProjectConfigurationPlatforms) = postSolution
		{58802375-392B-4041-AF9B-0B56B2A29BA6}.Debug|Any CPU.ActiveCfg = Debug|Any CPU
		{58802375-392B-4041-AF9B-0B56B2A29BA6}.Debug|Any CPU.Build.0 = Debug|Any CPU
		{58802375-392B-4041-AF9B-0B56B2A29BA6}.Release|Any CPU.ActiveCfg = Release|Any CPU
		{58802375-392B-4041-AF9B-0B56B2A29BA6}.Release|Any CPU.Build.0 = Release|Any CPU
		{D1A6C849-E582-4BE3-ADCA-F388FA74FE17}.Debug|Any CPU.ActiveCfg = Debug|Any CPU
		{D1A6C849-E582-4BE3-ADCA-F388FA74FE17}.Debug|Any CPU.Build.0 = Debug|Any CPU
		{D1A6C849-E582-4BE3-ADCA-F388FA74FE17}.Release|Any CPU.ActiveCfg = Release|Any CPU
		{D1A6C849-E582-4BE3-ADCA-F388FA74FE17}.Release|Any CPU.Build.0 = Release|Any CPU
		{E5516549-E4FB-4AE9-A782-26D291F154F8}.Debug|Any CPU.ActiveCfg = Debug|Any CPU
		{E5516549-E4FB-4AE9-A782-26D291F154F8}.Debug|Any CPU.Build.0 = Debug|Any CPU
		{E5516549-E4FB-4AE9-A782-26D291F154F8}.Release|Any CPU.ActiveCfg = Release|Any CPU
		{E5516549-E4FB-4AE9-A782-26D291F154F8}.Release|Any CPU.Build.0 = Release|Any CPU
		{95C17A7A-75B3-478B-86E2-09978137F8F7}.Debug|Any CPU.ActiveCfg = Debug|Any CPU
		{95C17A7A-75B3-478B-86E2-09978137F8F7}.Debug|Any CPU.Build.0 = Debug|Any CPU
		{95C17A7A-75B3-478B-86E2-09978137F8F7}.Release|Any CPU.ActiveCfg = Release|Any CPU
		{95C17A7A-75B3-478B-86E2-09978137F8F7}.Release|Any CPU.Build.0 = Release|Any CPU
		{52208917-639A-4C1D-AD13-CC631441BEAB}.Debug|Any CPU.ActiveCfg = Debug|Any CPU
		{52208917-639A-4C1D-AD13-CC631441BEAB}.Debug|Any CPU.Build.0 = Debug|Any CPU
		{52208917-639A-4C1D-AD13-CC631441BEAB}.Release|Any CPU.ActiveCfg = Release|Any CPU
		{52208917-639A-4C1D-AD13-CC631441BEAB}.Release|Any CPU.Build.0 = Release|Any CPU
		{A6B29E7E-9F12-41A2-AA9E-FFC9DFD6952E}.Debug|Any CPU.ActiveCfg = Debug|Any CPU
		{A6B29E7E-9F12-41A2-AA9E-FFC9DFD6952E}.Debug|Any CPU.Build.0 = Debug|Any CPU
		{A6B29E7E-9F12-41A2-AA9E-FFC9DFD6952E}.Release|Any CPU.ActiveCfg = Release|Any CPU
		{A6B29E7E-9F12-41A2-AA9E-FFC9DFD6952E}.Release|Any CPU.Build.0 = Release|Any CPU
		{749DF182-BA2A-4089-AD86-6EB9CDC7CBF9}.Debug|Any CPU.ActiveCfg = Debug|Any CPU
		{749DF182-BA2A-4089-AD86-6EB9CDC7CBF9}.Debug|Any CPU.Build.0 = Debug|Any CPU
		{749DF182-BA2A-4089-AD86-6EB9CDC7CBF9}.Release|Any CPU.ActiveCfg = Release|Any CPU
		{749DF182-BA2A-4089-AD86-6EB9CDC7CBF9}.Release|Any CPU.Build.0 = Release|Any CPU
		{222F41D1-43C6-4B88-B055-7DAB187FA1EA}.Debug|Any CPU.ActiveCfg = Debug|Any CPU
		{222F41D1-43C6-4B88-B055-7DAB187FA1EA}.Debug|Any CPU.Build.0 = Debug|Any CPU
		{222F41D1-43C6-4B88-B055-7DAB187FA1EA}.Release|Any CPU.ActiveCfg = Release|Any CPU
		{222F41D1-43C6-4B88-B055-7DAB187FA1EA}.Release|Any CPU.Build.0 = Release|Any CPU
		{87FBE0B7-50C4-4B5E-8DC2-728F90D56173}.Debug|Any CPU.ActiveCfg = Debug|Any CPU
		{87FBE0B7-50C4-4B5E-8DC2-728F90D56173}.Debug|Any CPU.Build.0 = Debug|Any CPU
		{87FBE0B7-50C4-4B5E-8DC2-728F90D56173}.Release|Any CPU.ActiveCfg = Release|Any CPU
		{87FBE0B7-50C4-4B5E-8DC2-728F90D56173}.Release|Any CPU.Build.0 = Release|Any CPU
		{AE45F71C-F532-4812-974C-774BB4D335B8}.Debug|Any CPU.ActiveCfg = Debug|Any CPU
		{AE45F71C-F532-4812-974C-774BB4D335B8}.Debug|Any CPU.Build.0 = Debug|Any CPU
		{AE45F71C-F532-4812-974C-774BB4D335B8}.Release|Any CPU.ActiveCfg = Release|Any CPU
		{AE45F71C-F532-4812-974C-774BB4D335B8}.Release|Any CPU.Build.0 = Release|Any CPU
		{B6C81886-D4B5-41A9-9227-5498E0E6890E}.Debug|Any CPU.ActiveCfg = Debug|Any CPU
		{B6C81886-D4B5-41A9-9227-5498E0E6890E}.Debug|Any CPU.Build.0 = Debug|Any CPU
		{B6C81886-D4B5-41A9-9227-5498E0E6890E}.Release|Any CPU.ActiveCfg = Release|Any CPU
		{B6C81886-D4B5-41A9-9227-5498E0E6890E}.Release|Any CPU.Build.0 = Release|Any CPU
		{22B1FF6A-6E6B-47B5-A6DD-510672CE58FE}.Debug|Any CPU.ActiveCfg = Debug|Any CPU
		{22B1FF6A-6E6B-47B5-A6DD-510672CE58FE}.Debug|Any CPU.Build.0 = Debug|Any CPU
		{22B1FF6A-6E6B-47B5-A6DD-510672CE58FE}.Release|Any CPU.ActiveCfg = Release|Any CPU
		{22B1FF6A-6E6B-47B5-A6DD-510672CE58FE}.Release|Any CPU.Build.0 = Release|Any CPU
		{4CF2314B-8C5A-4246-A335-98D57EFE33DB}.Debug|Any CPU.ActiveCfg = Debug|Any CPU
		{4CF2314B-8C5A-4246-A335-98D57EFE33DB}.Debug|Any CPU.Build.0 = Debug|Any CPU
		{4CF2314B-8C5A-4246-A335-98D57EFE33DB}.Release|Any CPU.ActiveCfg = Release|Any CPU
		{4CF2314B-8C5A-4246-A335-98D57EFE33DB}.Release|Any CPU.Build.0 = Release|Any CPU
		{409DB81A-3C0A-4B88-9E10-FEC4E0A5F747}.Debug|Any CPU.ActiveCfg = Debug|Any CPU
		{409DB81A-3C0A-4B88-9E10-FEC4E0A5F747}.Debug|Any CPU.Build.0 = Debug|Any CPU
		{409DB81A-3C0A-4B88-9E10-FEC4E0A5F747}.Release|Any CPU.ActiveCfg = Release|Any CPU
		{409DB81A-3C0A-4B88-9E10-FEC4E0A5F747}.Release|Any CPU.Build.0 = Release|Any CPU
		{F1636C90-470C-4145-A82E-F47D04F6E0C6}.Debug|Any CPU.ActiveCfg = Debug|Any CPU
		{F1636C90-470C-4145-A82E-F47D04F6E0C6}.Debug|Any CPU.Build.0 = Debug|Any CPU
		{F1636C90-470C-4145-A82E-F47D04F6E0C6}.Release|Any CPU.ActiveCfg = Release|Any CPU
		{F1636C90-470C-4145-A82E-F47D04F6E0C6}.Release|Any CPU.Build.0 = Release|Any CPU
		{399ACA0B-E106-49EE-938C-B5669F5F4793}.Debug|Any CPU.ActiveCfg = Debug|Any CPU
		{399ACA0B-E106-49EE-938C-B5669F5F4793}.Debug|Any CPU.Build.0 = Debug|Any CPU
		{399ACA0B-E106-49EE-938C-B5669F5F4793}.Release|Any CPU.ActiveCfg = Release|Any CPU
		{399ACA0B-E106-49EE-938C-B5669F5F4793}.Release|Any CPU.Build.0 = Release|Any CPU
		{A94E25A3-A1C0-4E2F-A1F9-86B1B19C3CB0}.Debug|Any CPU.ActiveCfg = Debug|Any CPU
		{A94E25A3-A1C0-4E2F-A1F9-86B1B19C3CB0}.Debug|Any CPU.Build.0 = Debug|Any CPU
		{A94E25A3-A1C0-4E2F-A1F9-86B1B19C3CB0}.Release|Any CPU.ActiveCfg = Release|Any CPU
		{A94E25A3-A1C0-4E2F-A1F9-86B1B19C3CB0}.Release|Any CPU.Build.0 = Release|Any CPU
		{CD40B14B-306E-460D-AADD-2DD526EADB26}.Debug|Any CPU.ActiveCfg = Debug|Any CPU
		{CD40B14B-306E-460D-AADD-2DD526EADB26}.Debug|Any CPU.Build.0 = Debug|Any CPU
		{CD40B14B-306E-460D-AADD-2DD526EADB26}.Release|Any CPU.ActiveCfg = Release|Any CPU
		{CD40B14B-306E-460D-AADD-2DD526EADB26}.Release|Any CPU.Build.0 = Release|Any CPU
		{A8A1CB5A-C95F-41B1-98D7-C112AA876365}.Debug|Any CPU.ActiveCfg = Debug|Any CPU
		{A8A1CB5A-C95F-41B1-98D7-C112AA876365}.Debug|Any CPU.Build.0 = Debug|Any CPU
		{A8A1CB5A-C95F-41B1-98D7-C112AA876365}.Release|Any CPU.ActiveCfg = Release|Any CPU
		{A8A1CB5A-C95F-41B1-98D7-C112AA876365}.Release|Any CPU.Build.0 = Release|Any CPU
		{95218E20-BA7C-405E-96E7-4137D8946A4B}.Debug|Any CPU.ActiveCfg = Debug|Any CPU
		{95218E20-BA7C-405E-96E7-4137D8946A4B}.Debug|Any CPU.Build.0 = Debug|Any CPU
		{95218E20-BA7C-405E-96E7-4137D8946A4B}.Release|Any CPU.ActiveCfg = Release|Any CPU
		{95218E20-BA7C-405E-96E7-4137D8946A4B}.Release|Any CPU.Build.0 = Release|Any CPU
		{A370F9A0-0AC9-463E-865A-67ED4EAE1A2F}.Debug|Any CPU.ActiveCfg = Debug|Any CPU
		{A370F9A0-0AC9-463E-865A-67ED4EAE1A2F}.Debug|Any CPU.Build.0 = Debug|Any CPU
		{A370F9A0-0AC9-463E-865A-67ED4EAE1A2F}.Release|Any CPU.ActiveCfg = Release|Any CPU
		{A370F9A0-0AC9-463E-865A-67ED4EAE1A2F}.Release|Any CPU.Build.0 = Release|Any CPU
	EndGlobalSection
	GlobalSection(SolutionProperties) = preSolution
		HideSolutionNode = FALSE
	EndGlobalSection
	GlobalSection(NestedProjects) = preSolution
		{58802375-392B-4041-AF9B-0B56B2A29BA6} = {B04C8497-0E74-4C6A-B44E-1CEFC0B61AC5}
		{D1A6C849-E582-4BE3-ADCA-F388FA74FE17} = {B04C8497-0E74-4C6A-B44E-1CEFC0B61AC5}
		{E5516549-E4FB-4AE9-A782-26D291F154F8} = {B04C8497-0E74-4C6A-B44E-1CEFC0B61AC5}
		{95C17A7A-75B3-478B-86E2-09978137F8F7} = {6C302838-88FD-4417-9EDE-4BD5DAFC86EA}
		{52208917-639A-4C1D-AD13-CC631441BEAB} = {6C302838-88FD-4417-9EDE-4BD5DAFC86EA}
		{A6B29E7E-9F12-41A2-AA9E-FFC9DFD6952E} = {6C302838-88FD-4417-9EDE-4BD5DAFC86EA}
		{749DF182-BA2A-4089-AD86-6EB9CDC7CBF9} = {C16FAD0E-B34D-439F-BE00-35BCCACF06A4}
		{222F41D1-43C6-4B88-B055-7DAB187FA1EA} = {C16FAD0E-B34D-439F-BE00-35BCCACF06A4}
		{87FBE0B7-50C4-4B5E-8DC2-728F90D56173} = {C16FAD0E-B34D-439F-BE00-35BCCACF06A4}
		{AE45F71C-F532-4812-974C-774BB4D335B8} = {DA201400-7DAC-4852-8261-16153DD8B5D5}
		{B6C81886-D4B5-41A9-9227-5498E0E6890E} = {DA201400-7DAC-4852-8261-16153DD8B5D5}
		{22B1FF6A-6E6B-47B5-A6DD-510672CE58FE} = {DA201400-7DAC-4852-8261-16153DD8B5D5}
		{4CF2314B-8C5A-4246-A335-98D57EFE33DB} = {4292A045-1332-431B-8BCF-E0CFDC6BC603}
		{409DB81A-3C0A-4B88-9E10-FEC4E0A5F747} = {4292A045-1332-431B-8BCF-E0CFDC6BC603}
		{F1636C90-470C-4145-A82E-F47D04F6E0C6} = {4292A045-1332-431B-8BCF-E0CFDC6BC603}
		{399ACA0B-E106-49EE-938C-B5669F5F4793} = {BCDB764E-6C4D-4854-9B20-9A19F29452FF}
		{A94E25A3-A1C0-4E2F-A1F9-86B1B19C3CB0} = {BCDB764E-6C4D-4854-9B20-9A19F29452FF}
		{CD40B14B-306E-460D-AADD-2DD526EADB26} = {BCDB764E-6C4D-4854-9B20-9A19F29452FF}
		{A8A1CB5A-C95F-41B1-98D7-C112AA876365} = {75AAE032-5695-4694-BAC6-A941E863A53C}
		{95218E20-BA7C-405E-96E7-4137D8946A4B} = {75AAE032-5695-4694-BAC6-A941E863A53C}
		{A370F9A0-0AC9-463E-865A-67ED4EAE1A2F} = {75AAE032-5695-4694-BAC6-A941E863A53C}
	EndGlobalSection
	GlobalSection(ExtensibilityGlobals) = postSolution
		SolutionGuid = {84F8127D-0EC4-42F6-A401-4E1A15E8F6FE}
	EndGlobalSection
EndGlobal
